
Microsoft Visual Studio Solution File, Format Version 12.00
# Visual Studio Version 16
VisualStudioVersion = 16.0.29905.134
MinimumVisualStudioVersion = 10.0.40219.1
Project("{FAE04EC0-301F-11D3-BF4B-00C04F79EFBC}") = "UtravelAdmin", "UtravelAdmin\UtravelAdmin.csproj", "{A22B2E8C-A7DE-43FF-A264-23F04CBC56E3}"
EndProject
Global
	GlobalSection(SolutionConfigurationPlatforms) = preSolution
		Debug|Any CPU = Debug|Any CPU
		Release|Any CPU = Release|Any CPU
	EndGlobalSection
	GlobalSection(ProjectConfigurationPlatforms) = postSolution
		{A22B2E8C-A7DE-43FF-A264-23F04CBC56E3}.Debug|Any CPU.ActiveCfg = Debug|Any CPU
		{A22B2E8C-A7DE-43FF-A264-23F04CBC56E3}.Debug|Any CPU.Build.0 = Debug|Any CPU
		{A22B2E8C-A7DE-43FF-A264-23F04CBC56E3}.Release|Any CPU.ActiveCfg = Release|Any CPU
		{A22B2E8C-A7DE-43FF-A264-23F04CBC56E3}.Release|Any CPU.Build.0 = Release|Any CPU
	EndGlobalSection
	GlobalSection(SolutionProperties) = preSolution
		HideSolutionNode = FALSE
	EndGlobalSection
	GlobalSection(ExtensibilityGlobals) = postSolution
		SolutionGuid = {550D7DED-223F-44B9-8056-36FC21617AB2}
	EndGlobalSection
EndGlobal
